
Microsoft Visual Studio Solution File, Format Version 12.00
# Visual Studio Version 17
VisualStudioVersion = 17.8.34316.72
MinimumVisualStudioVersion = 10.0.40219.1
Project("{FAE04EC0-301F-11D3-BF4B-00C04F79EFBC}") = "#1", "#1\#1.csproj", "{998B7421-7C67-4EE8-B17E-C67FA6BC220F}"
EndProject
Project("{FAE04EC0-301F-11D3-BF4B-00C04F79EFBC}") = "#2", "#2\#2.csproj", "{4EDD9221-D129-49ED-8366-E41C99877C45}"
EndProject
Global
	GlobalSection(SolutionConfigurationPlatforms) = preSolution
		Debug|Any CPU = Debug|Any CPU
		Release|Any CPU = Release|Any CPU
	EndGlobalSection
	GlobalSection(ProjectConfigurationPlatforms) = postSolution
		{998B7421-7C67-4EE8-B17E-C67FA6BC220F}.Debug|Any CPU.ActiveCfg = Debug|Any CPU
		{998B7421-7C67-4EE8-B17E-C67FA6BC220F}.Debug|Any CPU.Build.0 = Debug|Any CPU
		{998B7421-7C67-4EE8-B17E-C67FA6BC220F}.Release|Any CPU.ActiveCfg = Release|Any CPU
		{998B7421-7C67-4EE8-B17E-C67FA6BC220F}.Release|Any CPU.Build.0 = Release|Any CPU
		{4EDD9221-D129-49ED-8366-E41C99877C45}.Debug|Any CPU.ActiveCfg = Debug|Any CPU
		{4EDD9221-D129-49ED-8366-E41C99877C45}.Debug|Any CPU.Build.0 = Debug|Any CPU
		{4EDD9221-D129-49ED-8366-E41C99877C45}.Release|Any CPU.ActiveCfg = Release|Any CPU
		{4EDD9221-D129-49ED-8366-E41C99877C45}.Release|Any CPU.Build.0 = Release|Any CPU
	EndGlobalSection
	GlobalSection(SolutionProperties) = preSolution
		HideSolutionNode = FALSE
	EndGlobalSection
	GlobalSection(ExtensibilityGlobals) = postSolution
		SolutionGuid = {72CD8C92-E615-4653-B71F-A292F71F554F}
	EndGlobalSection
EndGlobal
