
Microsoft Visual Studio Solution File, Format Version 12.00
# Visual Studio Version 17
VisualStudioVersion = 17.8.34511.84
MinimumVisualStudioVersion = 10.0.40219.1
Project("{9A19103F-16F7-4668-BE54-9A1E7A4F7556}") = "#1", "#1\#1.csproj", "{9DA623F9-FA26-4060-97E4-228C963097FA}"
EndProject
Project("{9A19103F-16F7-4668-BE54-9A1E7A4F7556}") = "#2", "#2\#2.csproj", "{6739C6F3-5676-4659-B80A-0B129985DCB4}"
EndProject
Project("{FAE04EC0-301F-11D3-BF4B-00C04F79EFBC}") = "#3", "#3\#3.csproj", "{E97E5DD8-164D-4C1D-800C-4D88BE5D0F15}"
EndProject
Project("{FAE04EC0-301F-11D3-BF4B-00C04F79EFBC}") = "#4", "#4\#4.csproj", "{FD7C6452-7512-42D5-84FD-45691B625CAB}"
EndProject
Project("{FAE04EC0-301F-11D3-BF4B-00C04F79EFBC}") = "#5", "#5\#5.csproj", "{C87EB080-EFAB-44E2-8378-534E13F3AFC7}"
EndProject
Global
	GlobalSection(SolutionConfigurationPlatforms) = preSolution
		Debug|Any CPU = Debug|Any CPU
		Release|Any CPU = Release|Any CPU
	EndGlobalSection
	GlobalSection(ProjectConfigurationPlatforms) = postSolution
		{9DA623F9-FA26-4060-97E4-228C963097FA}.Debug|Any CPU.ActiveCfg = Debug|Any CPU
		{9DA623F9-FA26-4060-97E4-228C963097FA}.Debug|Any CPU.Build.0 = Debug|Any CPU
		{9DA623F9-FA26-4060-97E4-228C963097FA}.Release|Any CPU.ActiveCfg = Release|Any CPU
		{9DA623F9-FA26-4060-97E4-228C963097FA}.Release|Any CPU.Build.0 = Release|Any CPU
		{6739C6F3-5676-4659-B80A-0B129985DCB4}.Debug|Any CPU.ActiveCfg = Debug|Any CPU
		{6739C6F3-5676-4659-B80A-0B129985DCB4}.Debug|Any CPU.Build.0 = Debug|Any CPU
		{6739C6F3-5676-4659-B80A-0B129985DCB4}.Release|Any CPU.ActiveCfg = Release|Any CPU
		{6739C6F3-5676-4659-B80A-0B129985DCB4}.Release|Any CPU.Build.0 = Release|Any CPU
		{E97E5DD8-164D-4C1D-800C-4D88BE5D0F15}.Debug|Any CPU.ActiveCfg = Debug|Any CPU
		{E97E5DD8-164D-4C1D-800C-4D88BE5D0F15}.Debug|Any CPU.Build.0 = Debug|Any CPU
		{E97E5DD8-164D-4C1D-800C-4D88BE5D0F15}.Release|Any CPU.ActiveCfg = Release|Any CPU
		{E97E5DD8-164D-4C1D-800C-4D88BE5D0F15}.Release|Any CPU.Build.0 = Release|Any CPU
		{FD7C6452-7512-42D5-84FD-45691B625CAB}.Debug|Any CPU.ActiveCfg = Debug|Any CPU
		{FD7C6452-7512-42D5-84FD-45691B625CAB}.Debug|Any CPU.Build.0 = Debug|Any CPU
		{FD7C6452-7512-42D5-84FD-45691B625CAB}.Release|Any CPU.ActiveCfg = Release|Any CPU
		{FD7C6452-7512-42D5-84FD-45691B625CAB}.Release|Any CPU.Build.0 = Release|Any CPU
		{C87EB080-EFAB-44E2-8378-534E13F3AFC7}.Debug|Any CPU.ActiveCfg = Debug|Any CPU
		{C87EB080-EFAB-44E2-8378-534E13F3AFC7}.Debug|Any CPU.Build.0 = Debug|Any CPU
		{C87EB080-EFAB-44E2-8378-534E13F3AFC7}.Release|Any CPU.ActiveCfg = Release|Any CPU
		{C87EB080-EFAB-44E2-8378-534E13F3AFC7}.Release|Any CPU.Build.0 = Release|Any CPU
	EndGlobalSection
	GlobalSection(SolutionProperties) = preSolution
		HideSolutionNode = FALSE
	EndGlobalSection
	GlobalSection(ExtensibilityGlobals) = postSolution
		SolutionGuid = {6DEA4475-FCB8-4B80-938B-FCBC47CD680B}
	EndGlobalSection
EndGlobal
